
Microsoft Visual Studio Solution File, Format Version 12.00
# Visual Studio Version 16
VisualStudioVersion = 16.0.29324.140
MinimumVisualStudioVersion = 10.0.40219.1
Project("{FAE04EC0-301F-11D3-BF4B-00C04F79EFBC}") = "Sequences.Tests", "Sequences.Tests\Sequences.Tests.csproj", "{39632922-39B0-4182-820B-25B4E51F17D9}"
EndProject
Project("{FAE04EC0-301F-11D3-BF4B-00C04F79EFBC}") = "Sequences.Library", "Sequences.Library\Sequences.Library.csproj", "{A645AD52-1B24-4D98-B252-707A776297DC}"
EndProject
Global
	GlobalSection(SolutionConfigurationPlatforms) = preSolution
		Debug|Any CPU = Debug|Any CPU
		Release|Any CPU = Release|Any CPU
	EndGlobalSection
	GlobalSection(ProjectConfigurationPlatforms) = postSolution
		{39632922-39B0-4182-820B-25B4E51F17D9}.Debug|Any CPU.ActiveCfg = Debug|Any CPU
		{39632922-39B0-4182-820B-25B4E51F17D9}.Debug|Any CPU.Build.0 = Debug|Any CPU
		{39632922-39B0-4182-820B-25B4E51F17D9}.Release|Any CPU.ActiveCfg = Release|Any CPU
		{39632922-39B0-4182-820B-25B4E51F17D9}.Release|Any CPU.Build.0 = Release|Any CPU
		{A645AD52-1B24-4D98-B252-707A776297DC}.Debug|Any CPU.ActiveCfg = Debug|Any CPU
		{A645AD52-1B24-4D98-B252-707A776297DC}.Debug|Any CPU.Build.0 = Debug|Any CPU
		{A645AD52-1B24-4D98-B252-707A776297DC}.Release|Any CPU.ActiveCfg = Release|Any CPU
		{A645AD52-1B24-4D98-B252-707A776297DC}.Release|Any CPU.Build.0 = Release|Any CPU
	EndGlobalSection
	GlobalSection(SolutionProperties) = preSolution
		HideSolutionNode = FALSE
	EndGlobalSection
	GlobalSection(ExtensibilityGlobals) = postSolution
		SolutionGuid = {668662D1-F25A-4015-9F91-CAB9B79E5E29}
	EndGlobalSection
EndGlobal
