
Microsoft Visual Studio Solution File, Format Version 12.00
# Visual Studio Version 16
VisualStudioVersion = 16.0.29326.143
MinimumVisualStudioVersion = 10.0.40219.1
Project("{FAE04EC0-301F-11D3-BF4B-00C04F79EFBC}") = "DelegateTestWithAction", "DelegateTestWithAction\DelegateTestWithAction.csproj", "{F46DAA64-A459-40CA-8EBB-6BBBEEF9214F}"
EndProject
Global
	GlobalSection(SolutionConfigurationPlatforms) = preSolution
		Debug|Any CPU = Debug|Any CPU
		Release|Any CPU = Release|Any CPU
	EndGlobalSection
	GlobalSection(ProjectConfigurationPlatforms) = postSolution
		{F46DAA64-A459-40CA-8EBB-6BBBEEF9214F}.Debug|Any CPU.ActiveCfg = Debug|Any CPU
		{F46DAA64-A459-40CA-8EBB-6BBBEEF9214F}.Debug|Any CPU.Build.0 = Debug|Any CPU
		{F46DAA64-A459-40CA-8EBB-6BBBEEF9214F}.Release|Any CPU.ActiveCfg = Release|Any CPU
		{F46DAA64-A459-40CA-8EBB-6BBBEEF9214F}.Release|Any CPU.Build.0 = Release|Any CPU
	EndGlobalSection
	GlobalSection(SolutionProperties) = preSolution
		HideSolutionNode = FALSE
	EndGlobalSection
	GlobalSection(ExtensibilityGlobals) = postSolution
		SolutionGuid = {9A57ACF7-184C-4E7A-BBC6-27DEEDA7821A}
	EndGlobalSection
EndGlobal
